
Microsoft Visual Studio Solution File, Format Version 12.00
# Visual Studio Version 17
VisualStudioVersion = 17.11.35222.181
MinimumVisualStudioVersion = 10.0.40219.1
Project("{FAE04EC0-301F-11D3-BF4B-00C04F79EFBC}") = "Laboratorio181", "Laboratorio181\Laboratorio181.csproj", "{74F7CBFC-2102-432E-B0E1-8C49B7B46E56}"
EndProject
Global
	GlobalSection(SolutionConfigurationPlatforms) = preSolution
		Debug|Any CPU = Debug|Any CPU
		Release|Any CPU = Release|Any CPU
	EndGlobalSection
	GlobalSection(ProjectConfigurationPlatforms) = postSolution
		{74F7CBFC-2102-432E-B0E1-8C49B7B46E56}.Debug|Any CPU.ActiveCfg = Debug|Any CPU
		{74F7CBFC-2102-432E-B0E1-8C49B7B46E56}.Debug|Any CPU.Build.0 = Debug|Any CPU
		{74F7CBFC-2102-432E-B0E1-8C49B7B46E56}.Release|Any CPU.ActiveCfg = Release|Any CPU
		{74F7CBFC-2102-432E-B0E1-8C49B7B46E56}.Release|Any CPU.Build.0 = Release|Any CPU
	EndGlobalSection
	GlobalSection(SolutionProperties) = preSolution
		HideSolutionNode = FALSE
	EndGlobalSection
	GlobalSection(ExtensibilityGlobals) = postSolution
		SolutionGuid = {BE3BE21C-32DE-4DCA-ACB5-AE57B8329CD5}
	EndGlobalSection
EndGlobal
