
Microsoft Visual Studio Solution File, Format Version 12.00
# Visual Studio Version 17
VisualStudioVersion = 17.5.002.0
MinimumVisualStudioVersion = 10.0.40219.1
Project("{9A19103F-16F7-4668-BE54-9A1E7A4F7556}") = "Laboratorio11", "Laboratorio11.csproj", "{335A8700-3DCA-4989-9B53-AD3CC387A435}"
EndProject
Global
	GlobalSection(SolutionConfigurationPlatforms) = preSolution
		Debug|Any CPU = Debug|Any CPU
		Release|Any CPU = Release|Any CPU
	EndGlobalSection
	GlobalSection(ProjectConfigurationPlatforms) = postSolution
		{335A8700-3DCA-4989-9B53-AD3CC387A435}.Debug|Any CPU.ActiveCfg = Debug|Any CPU
		{335A8700-3DCA-4989-9B53-AD3CC387A435}.Debug|Any CPU.Build.0 = Debug|Any CPU
		{335A8700-3DCA-4989-9B53-AD3CC387A435}.Release|Any CPU.ActiveCfg = Release|Any CPU
		{335A8700-3DCA-4989-9B53-AD3CC387A435}.Release|Any CPU.Build.0 = Release|Any CPU
	EndGlobalSection
	GlobalSection(SolutionProperties) = preSolution
		HideSolutionNode = FALSE
	EndGlobalSection
	GlobalSection(ExtensibilityGlobals) = postSolution
		SolutionGuid = {A5898561-4FAF-441F-B2EE-2D7A36EE8006}
	EndGlobalSection
EndGlobal
