
Microsoft Visual Studio Solution File, Format Version 12.00
# Visual Studio Version 17
VisualStudioVersion = 17.11.35222.181
MinimumVisualStudioVersion = 10.0.40219.1
Project("{FAE04EC0-301F-11D3-BF4B-00C04F79EFBC}") = "Laboratorio13", "Laboratorio13\Laboratorio13.csproj", "{103199F5-540E-49C7-82F3-8BF8C7140D3D}"
EndProject
Global
	GlobalSection(SolutionConfigurationPlatforms) = preSolution
		Debug|Any CPU = Debug|Any CPU
		Release|Any CPU = Release|Any CPU
	EndGlobalSection
	GlobalSection(ProjectConfigurationPlatforms) = postSolution
		{103199F5-540E-49C7-82F3-8BF8C7140D3D}.Debug|Any CPU.ActiveCfg = Debug|Any CPU
		{103199F5-540E-49C7-82F3-8BF8C7140D3D}.Debug|Any CPU.Build.0 = Debug|Any CPU
		{103199F5-540E-49C7-82F3-8BF8C7140D3D}.Release|Any CPU.ActiveCfg = Release|Any CPU
		{103199F5-540E-49C7-82F3-8BF8C7140D3D}.Release|Any CPU.Build.0 = Release|Any CPU
	EndGlobalSection
	GlobalSection(SolutionProperties) = preSolution
		HideSolutionNode = FALSE
	EndGlobalSection
	GlobalSection(ExtensibilityGlobals) = postSolution
		SolutionGuid = {2137B3B4-9802-4373-9272-D4B7D8638A59}
	EndGlobalSection
EndGlobal
